
Microsoft Visual Studio Solution File, Format Version 12.00
# Visual Studio Version 17
VisualStudioVersion = 17.7.34202.233
MinimumVisualStudioVersion = 10.0.40219.1
Project("{FAE04EC0-301F-11D3-BF4B-00C04F79EFBC}") = "WithoutDI", "WithoutDI.csproj", "{A3592A38-6491-4329-BDC8-DD615162E36C}"
EndProject
Project("{FAE04EC0-301F-11D3-BF4B-00C04F79EFBC}") = "WithoutDI.Database", "..\WithoutDI.Database\WithoutDI.Database.csproj", "{3F743165-9702-476F-AA43-13E1FA63DBC0}"
EndProject
Global
	GlobalSection(SolutionConfigurationPlatforms) = preSolution
		Debug|Any CPU = Debug|Any CPU
		Release|Any CPU = Release|Any CPU
	EndGlobalSection
	GlobalSection(ProjectConfigurationPlatforms) = postSolution
		{A3592A38-6491-4329-BDC8-DD615162E36C}.Debug|Any CPU.ActiveCfg = Debug|Any CPU
		{A3592A38-6491-4329-BDC8-DD615162E36C}.Debug|Any CPU.Build.0 = Debug|Any CPU
		{A3592A38-6491-4329-BDC8-DD615162E36C}.Release|Any CPU.ActiveCfg = Release|Any CPU
		{A3592A38-6491-4329-BDC8-DD615162E36C}.Release|Any CPU.Build.0 = Release|Any CPU
		{3F743165-9702-476F-AA43-13E1FA63DBC0}.Debug|Any CPU.ActiveCfg = Debug|Any CPU
		{3F743165-9702-476F-AA43-13E1FA63DBC0}.Debug|Any CPU.Build.0 = Debug|Any CPU
		{3F743165-9702-476F-AA43-13E1FA63DBC0}.Release|Any CPU.ActiveCfg = Release|Any CPU
		{3F743165-9702-476F-AA43-13E1FA63DBC0}.Release|Any CPU.Build.0 = Release|Any CPU
	EndGlobalSection
	GlobalSection(SolutionProperties) = preSolution
		HideSolutionNode = FALSE
	EndGlobalSection
	GlobalSection(ExtensibilityGlobals) = postSolution
		SolutionGuid = {1A234E89-723A-414F-B145-C1706D207EE3}
	EndGlobalSection
EndGlobal
