
Microsoft Visual Studio Solution File, Format Version 12.00
# Visual Studio Version 17
VisualStudioVersion = 17.7.34024.191
MinimumVisualStudioVersion = 10.0.40219.1
Project("{FAE04EC0-301F-11D3-BF4B-00C04F79EFBC}") = "ChallengeTestsChatGPT", "ChallengeTestsChatGPT.csproj", "{6202AAB3-C5C0-4217-BB49-C4DDAB3D7EC5}"
EndProject
Project("{FAE04EC0-301F-11D3-BF4B-00C04F79EFBC}") = "ChallengeTestsChatGPTUnitTests", "..\ChallengeTestsChatGPTUnitTests\ChallengeTestsChatGPTUnitTests.csproj", "{8DCFA879-5C04-4D6A-B9D7-E9EEA27DA30D}"
EndProject
Global
	GlobalSection(SolutionConfigurationPlatforms) = preSolution
		Debug|Any CPU = Debug|Any CPU
		Release|Any CPU = Release|Any CPU
	EndGlobalSection
	GlobalSection(ProjectConfigurationPlatforms) = postSolution
		{6202AAB3-C5C0-4217-BB49-C4DDAB3D7EC5}.Debug|Any CPU.ActiveCfg = Debug|Any CPU
		{6202AAB3-C5C0-4217-BB49-C4DDAB3D7EC5}.Debug|Any CPU.Build.0 = Debug|Any CPU
		{6202AAB3-C5C0-4217-BB49-C4DDAB3D7EC5}.Release|Any CPU.ActiveCfg = Release|Any CPU
		{6202AAB3-C5C0-4217-BB49-C4DDAB3D7EC5}.Release|Any CPU.Build.0 = Release|Any CPU
		{8DCFA879-5C04-4D6A-B9D7-E9EEA27DA30D}.Debug|Any CPU.ActiveCfg = Debug|Any CPU
		{8DCFA879-5C04-4D6A-B9D7-E9EEA27DA30D}.Debug|Any CPU.Build.0 = Debug|Any CPU
		{8DCFA879-5C04-4D6A-B9D7-E9EEA27DA30D}.Release|Any CPU.ActiveCfg = Release|Any CPU
		{8DCFA879-5C04-4D6A-B9D7-E9EEA27DA30D}.Release|Any CPU.Build.0 = Release|Any CPU
	EndGlobalSection
	GlobalSection(SolutionProperties) = preSolution
		HideSolutionNode = FALSE
	EndGlobalSection
	GlobalSection(ExtensibilityGlobals) = postSolution
		SolutionGuid = {ABFB77DB-CFAC-40C0-AB63-E1D65B785F4C}
	EndGlobalSection
EndGlobal
