
Microsoft Visual Studio Solution File, Format Version 12.00
# Visual Studio Version 17
VisualStudioVersion = 17.7.34202.233
MinimumVisualStudioVersion = 10.0.40219.1
Project("{FAE04EC0-301F-11D3-BF4B-00C04F79EFBC}") = "WebApplication7", "WebApplication7.csproj", "{18031FC1-C726-4088-9007-91A9E7165758}"
EndProject
Global
	GlobalSection(SolutionConfigurationPlatforms) = preSolution
		Debug|Any CPU = Debug|Any CPU
		Release|Any CPU = Release|Any CPU
	EndGlobalSection
	GlobalSection(ProjectConfigurationPlatforms) = postSolution
		{18031FC1-C726-4088-9007-91A9E7165758}.Debug|Any CPU.ActiveCfg = Debug|Any CPU
		{18031FC1-C726-4088-9007-91A9E7165758}.Debug|Any CPU.Build.0 = Debug|Any CPU
		{18031FC1-C726-4088-9007-91A9E7165758}.Release|Any CPU.ActiveCfg = Release|Any CPU
		{18031FC1-C726-4088-9007-91A9E7165758}.Release|Any CPU.Build.0 = Release|Any CPU
	EndGlobalSection
	GlobalSection(SolutionProperties) = preSolution
		HideSolutionNode = FALSE
	EndGlobalSection
	GlobalSection(ExtensibilityGlobals) = postSolution
		SolutionGuid = {DED78304-B7A3-44FA-BBFA-390238A12473}
	EndGlobalSection
EndGlobal
