
Microsoft Visual Studio Solution File, Format Version 12.00
# Visual Studio Version 17
VisualStudioVersion = 17.7.34202.233
MinimumVisualStudioVersion = 10.0.40219.1
Project("{FAE04EC0-301F-11D3-BF4B-00C04F79EFBC}") = "REST2", "REST2.csproj", "{C5439628-DD2B-4C7E-9B7F-FBD0AC8077C3}"
EndProject
Global
	GlobalSection(SolutionConfigurationPlatforms) = preSolution
		Debug|Any CPU = Debug|Any CPU
		Release|Any CPU = Release|Any CPU
	EndGlobalSection
	GlobalSection(ProjectConfigurationPlatforms) = postSolution
		{C5439628-DD2B-4C7E-9B7F-FBD0AC8077C3}.Debug|Any CPU.ActiveCfg = Debug|Any CPU
		{C5439628-DD2B-4C7E-9B7F-FBD0AC8077C3}.Debug|Any CPU.Build.0 = Debug|Any CPU
		{C5439628-DD2B-4C7E-9B7F-FBD0AC8077C3}.Release|Any CPU.ActiveCfg = Release|Any CPU
		{C5439628-DD2B-4C7E-9B7F-FBD0AC8077C3}.Release|Any CPU.Build.0 = Release|Any CPU
	EndGlobalSection
	GlobalSection(SolutionProperties) = preSolution
		HideSolutionNode = FALSE
	EndGlobalSection
	GlobalSection(ExtensibilityGlobals) = postSolution
		SolutionGuid = {E674DA30-F615-41C1-9344-3973CA0ADA82}
	EndGlobalSection
EndGlobal
