
Microsoft Visual Studio Solution File, Format Version 12.00
# Visual Studio Version 17
VisualStudioVersion = 17.7.34202.233
MinimumVisualStudioVersion = 10.0.40219.1
Project("{FAE04EC0-301F-11D3-BF4B-00C04F79EFBC}") = "RecruitmentTask", "RecruitmentTask.csproj", "{AE6C2751-A08C-40C7-A12A-41BF1A12AA19}"
EndProject
Project("{FAE04EC0-301F-11D3-BF4B-00C04F79EFBC}") = "RecruitmentTask.Database", "..\RecruitmentTask.Database\RecruitmentTask.Database.csproj", "{2A4AE3DF-BA8B-499A-ABF1-7192C0EAE48A}"
EndProject
Global
	GlobalSection(SolutionConfigurationPlatforms) = preSolution
		Debug|Any CPU = Debug|Any CPU
		Release|Any CPU = Release|Any CPU
	EndGlobalSection
	GlobalSection(ProjectConfigurationPlatforms) = postSolution
		{AE6C2751-A08C-40C7-A12A-41BF1A12AA19}.Debug|Any CPU.ActiveCfg = Debug|Any CPU
		{AE6C2751-A08C-40C7-A12A-41BF1A12AA19}.Debug|Any CPU.Build.0 = Debug|Any CPU
		{AE6C2751-A08C-40C7-A12A-41BF1A12AA19}.Release|Any CPU.ActiveCfg = Release|Any CPU
		{AE6C2751-A08C-40C7-A12A-41BF1A12AA19}.Release|Any CPU.Build.0 = Release|Any CPU
		{2A4AE3DF-BA8B-499A-ABF1-7192C0EAE48A}.Debug|Any CPU.ActiveCfg = Debug|Any CPU
		{2A4AE3DF-BA8B-499A-ABF1-7192C0EAE48A}.Debug|Any CPU.Build.0 = Debug|Any CPU
		{2A4AE3DF-BA8B-499A-ABF1-7192C0EAE48A}.Release|Any CPU.ActiveCfg = Release|Any CPU
		{2A4AE3DF-BA8B-499A-ABF1-7192C0EAE48A}.Release|Any CPU.Build.0 = Release|Any CPU
	EndGlobalSection
	GlobalSection(SolutionProperties) = preSolution
		HideSolutionNode = FALSE
	EndGlobalSection
	GlobalSection(ExtensibilityGlobals) = postSolution
		SolutionGuid = {6E8BACB5-1CC9-4B1F-A765-4FD848034CD9}
	EndGlobalSection
EndGlobal
