
Microsoft Visual Studio Solution File, Format Version 12.00
# Visual Studio Version 17
VisualStudioVersion = 17.7.34024.191
MinimumVisualStudioVersion = 10.0.40219.1
Project("{FAE04EC0-301F-11D3-BF4B-00C04F79EFBC}") = "Polimorfizm", "Polimorfizm.csproj", "{EEAB47AB-23EF-467E-91E6-9AE1F6515FEC}"
EndProject
Global
	GlobalSection(SolutionConfigurationPlatforms) = preSolution
		Debug|Any CPU = Debug|Any CPU
		Release|Any CPU = Release|Any CPU
	EndGlobalSection
	GlobalSection(ProjectConfigurationPlatforms) = postSolution
		{EEAB47AB-23EF-467E-91E6-9AE1F6515FEC}.Debug|Any CPU.ActiveCfg = Debug|Any CPU
		{EEAB47AB-23EF-467E-91E6-9AE1F6515FEC}.Debug|Any CPU.Build.0 = Debug|Any CPU
		{EEAB47AB-23EF-467E-91E6-9AE1F6515FEC}.Release|Any CPU.ActiveCfg = Release|Any CPU
		{EEAB47AB-23EF-467E-91E6-9AE1F6515FEC}.Release|Any CPU.Build.0 = Release|Any CPU
	EndGlobalSection
	GlobalSection(SolutionProperties) = preSolution
		HideSolutionNode = FALSE
	EndGlobalSection
	GlobalSection(ExtensibilityGlobals) = postSolution
		SolutionGuid = {867AB25C-AF44-4CE6-A5BD-F882A59CC65D}
	EndGlobalSection
EndGlobal
