
Microsoft Visual Studio Solution File, Format Version 12.00
# Visual Studio Version 17
VisualStudioVersion = 17.7.34024.191
MinimumVisualStudioVersion = 10.0.40219.1
Project("{FAE04EC0-301F-11D3-BF4B-00C04F79EFBC}") = "WebApplication1", "WebApplication1.csproj", "{110A6B8E-7D36-4F88-93A8-05B396DCACBF}"
EndProject
Global
	GlobalSection(SolutionConfigurationPlatforms) = preSolution
		Debug|Any CPU = Debug|Any CPU
		Release|Any CPU = Release|Any CPU
	EndGlobalSection
	GlobalSection(ProjectConfigurationPlatforms) = postSolution
		{110A6B8E-7D36-4F88-93A8-05B396DCACBF}.Debug|Any CPU.ActiveCfg = Debug|Any CPU
		{110A6B8E-7D36-4F88-93A8-05B396DCACBF}.Debug|Any CPU.Build.0 = Debug|Any CPU
		{110A6B8E-7D36-4F88-93A8-05B396DCACBF}.Release|Any CPU.ActiveCfg = Release|Any CPU
		{110A6B8E-7D36-4F88-93A8-05B396DCACBF}.Release|Any CPU.Build.0 = Release|Any CPU
	EndGlobalSection
	GlobalSection(SolutionProperties) = preSolution
		HideSolutionNode = FALSE
	EndGlobalSection
	GlobalSection(ExtensibilityGlobals) = postSolution
		SolutionGuid = {90150E50-3C87-420A-BEB4-5A95A07C5EDA}
	EndGlobalSection
EndGlobal
