
Microsoft Visual Studio Solution File, Format Version 12.00
# Visual Studio Version 17
VisualStudioVersion = 17.7.34202.233
MinimumVisualStudioVersion = 10.0.40219.1
Project("{FAE04EC0-301F-11D3-BF4B-00C04F79EFBC}") = "UserCommunication", "UserCommunication.csproj", "{66033169-FE66-4913-839C-4FCE2A240199}"
EndProject
Project("{FAE04EC0-301F-11D3-BF4B-00C04F79EFBC}") = "UserCommunication.Database", "..\UserCommunication.Database\UserCommunication.Database.csproj", "{FB2FF37E-51ED-49AA-9042-1B68E6CB3981}"
EndProject
Global
	GlobalSection(SolutionConfigurationPlatforms) = preSolution
		Debug|Any CPU = Debug|Any CPU
		Release|Any CPU = Release|Any CPU
	EndGlobalSection
	GlobalSection(ProjectConfigurationPlatforms) = postSolution
		{66033169-FE66-4913-839C-4FCE2A240199}.Debug|Any CPU.ActiveCfg = Debug|Any CPU
		{66033169-FE66-4913-839C-4FCE2A240199}.Debug|Any CPU.Build.0 = Debug|Any CPU
		{66033169-FE66-4913-839C-4FCE2A240199}.Release|Any CPU.ActiveCfg = Release|Any CPU
		{66033169-FE66-4913-839C-4FCE2A240199}.Release|Any CPU.Build.0 = Release|Any CPU
		{FB2FF37E-51ED-49AA-9042-1B68E6CB3981}.Debug|Any CPU.ActiveCfg = Debug|Any CPU
		{FB2FF37E-51ED-49AA-9042-1B68E6CB3981}.Debug|Any CPU.Build.0 = Debug|Any CPU
		{FB2FF37E-51ED-49AA-9042-1B68E6CB3981}.Release|Any CPU.ActiveCfg = Release|Any CPU
		{FB2FF37E-51ED-49AA-9042-1B68E6CB3981}.Release|Any CPU.Build.0 = Release|Any CPU
	EndGlobalSection
	GlobalSection(SolutionProperties) = preSolution
		HideSolutionNode = FALSE
	EndGlobalSection
	GlobalSection(ExtensibilityGlobals) = postSolution
		SolutionGuid = {E45153EA-055B-4B6F-972E-08B44299F309}
	EndGlobalSection
EndGlobal
