
Microsoft Visual Studio Solution File, Format Version 12.00
# Visual Studio Version 17
VisualStudioVersion = 17.7.34202.233
MinimumVisualStudioVersion = 10.0.40219.1
Project("{FAE04EC0-301F-11D3-BF4B-00C04F79EFBC}") = "EntityWithNewKnowledge", "EntityWithNewKnowledge.csproj", "{5CA30D54-F4E0-42FA-AADF-2CEED0286F54}"
EndProject
Global
	GlobalSection(SolutionConfigurationPlatforms) = preSolution
		Debug|Any CPU = Debug|Any CPU
		Release|Any CPU = Release|Any CPU
	EndGlobalSection
	GlobalSection(ProjectConfigurationPlatforms) = postSolution
		{5CA30D54-F4E0-42FA-AADF-2CEED0286F54}.Debug|Any CPU.ActiveCfg = Debug|Any CPU
		{5CA30D54-F4E0-42FA-AADF-2CEED0286F54}.Debug|Any CPU.Build.0 = Debug|Any CPU
		{5CA30D54-F4E0-42FA-AADF-2CEED0286F54}.Release|Any CPU.ActiveCfg = Release|Any CPU
		{5CA30D54-F4E0-42FA-AADF-2CEED0286F54}.Release|Any CPU.Build.0 = Release|Any CPU
	EndGlobalSection
	GlobalSection(SolutionProperties) = preSolution
		HideSolutionNode = FALSE
	EndGlobalSection
	GlobalSection(ExtensibilityGlobals) = postSolution
		SolutionGuid = {90C1C4EE-D0E7-4796-8994-6AE17236653D}
	EndGlobalSection
EndGlobal
