
Microsoft Visual Studio Solution File, Format Version 12.00
# Visual Studio Version 17
VisualStudioVersion = 17.8.34322.80
MinimumVisualStudioVersion = 10.0.40219.1
Project("{FAE04EC0-301F-11D3-BF4B-00C04F79EFBC}") = "CourseREST", "CourseREST.csproj", "{1FE6F697-E871-401A-BD5D-EC4315C709E3}"
EndProject
Global
	GlobalSection(SolutionConfigurationPlatforms) = preSolution
		Debug|Any CPU = Debug|Any CPU
		Release|Any CPU = Release|Any CPU
	EndGlobalSection
	GlobalSection(ProjectConfigurationPlatforms) = postSolution
		{1FE6F697-E871-401A-BD5D-EC4315C709E3}.Debug|Any CPU.ActiveCfg = Debug|Any CPU
		{1FE6F697-E871-401A-BD5D-EC4315C709E3}.Debug|Any CPU.Build.0 = Debug|Any CPU
		{1FE6F697-E871-401A-BD5D-EC4315C709E3}.Release|Any CPU.ActiveCfg = Release|Any CPU
		{1FE6F697-E871-401A-BD5D-EC4315C709E3}.Release|Any CPU.Build.0 = Release|Any CPU
	EndGlobalSection
	GlobalSection(SolutionProperties) = preSolution
		HideSolutionNode = FALSE
	EndGlobalSection
	GlobalSection(ExtensibilityGlobals) = postSolution
		SolutionGuid = {4F53B48C-6CB2-45D2-84F9-B9E6AFF2002F}
	EndGlobalSection
EndGlobal
