
Microsoft Visual Studio Solution File, Format Version 12.00
# Visual Studio Version 17
VisualStudioVersion = 17.8.34322.80
MinimumVisualStudioVersion = 10.0.40219.1
Project("{FAE04EC0-301F-11D3-BF4B-00C04F79EFBC}") = "AngularEnglishProject.Server", "AngularEnglishProject.Server\AngularEnglishProject.Server.csproj", "{B43690CB-2C87-4EE7-BF15-6E4414B50AB9}"
EndProject
Project("{54A90642-561A-4BB1-A94E-469ADEE60C69}") = "angularenglishproject.client", "angularenglishproject.client\angularenglishproject.client.esproj", "{C9DFF84F-6245-4221-886F-AA11EF33AE1C}"
EndProject
Global
	GlobalSection(SolutionConfigurationPlatforms) = preSolution
		Debug|Any CPU = Debug|Any CPU
		Release|Any CPU = Release|Any CPU
	EndGlobalSection
	GlobalSection(ProjectConfigurationPlatforms) = postSolution
		{B43690CB-2C87-4EE7-BF15-6E4414B50AB9}.Debug|Any CPU.ActiveCfg = Debug|Any CPU
		{B43690CB-2C87-4EE7-BF15-6E4414B50AB9}.Debug|Any CPU.Build.0 = Debug|Any CPU
		{B43690CB-2C87-4EE7-BF15-6E4414B50AB9}.Release|Any CPU.ActiveCfg = Release|Any CPU
		{B43690CB-2C87-4EE7-BF15-6E4414B50AB9}.Release|Any CPU.Build.0 = Release|Any CPU
		{C9DFF84F-6245-4221-886F-AA11EF33AE1C}.Debug|Any CPU.ActiveCfg = Debug|Any CPU
		{C9DFF84F-6245-4221-886F-AA11EF33AE1C}.Debug|Any CPU.Build.0 = Debug|Any CPU
		{C9DFF84F-6245-4221-886F-AA11EF33AE1C}.Debug|Any CPU.Deploy.0 = Debug|Any CPU
		{C9DFF84F-6245-4221-886F-AA11EF33AE1C}.Release|Any CPU.ActiveCfg = Release|Any CPU
		{C9DFF84F-6245-4221-886F-AA11EF33AE1C}.Release|Any CPU.Build.0 = Release|Any CPU
		{C9DFF84F-6245-4221-886F-AA11EF33AE1C}.Release|Any CPU.Deploy.0 = Release|Any CPU
	EndGlobalSection
	GlobalSection(SolutionProperties) = preSolution
		HideSolutionNode = FALSE
	EndGlobalSection
	GlobalSection(ExtensibilityGlobals) = postSolution
		SolutionGuid = {CA169CAE-E18B-4AC4-9CD7-632DC806E41F}
	EndGlobalSection
EndGlobal
