
Microsoft Visual Studio Solution File, Format Version 12.00
# Visual Studio Version 17
VisualStudioVersion = 17.8.34322.80
MinimumVisualStudioVersion = 10.0.40219.1
Project("{FAE04EC0-301F-11D3-BF4B-00C04F79EFBC}") = "DataGridView_MVC", "DataGridView_MVC.csproj", "{540DF93B-09B3-459A-B06F-DFF8348DA18A}"
EndProject
Global
	GlobalSection(SolutionConfigurationPlatforms) = preSolution
		Debug|Any CPU = Debug|Any CPU
		Release|Any CPU = Release|Any CPU
	EndGlobalSection
	GlobalSection(ProjectConfigurationPlatforms) = postSolution
		{540DF93B-09B3-459A-B06F-DFF8348DA18A}.Debug|Any CPU.ActiveCfg = Debug|Any CPU
		{540DF93B-09B3-459A-B06F-DFF8348DA18A}.Debug|Any CPU.Build.0 = Debug|Any CPU
		{540DF93B-09B3-459A-B06F-DFF8348DA18A}.Release|Any CPU.ActiveCfg = Release|Any CPU
		{540DF93B-09B3-459A-B06F-DFF8348DA18A}.Release|Any CPU.Build.0 = Release|Any CPU
	EndGlobalSection
	GlobalSection(SolutionProperties) = preSolution
		HideSolutionNode = FALSE
	EndGlobalSection
	GlobalSection(ExtensibilityGlobals) = postSolution
		SolutionGuid = {5CDAD046-F462-4BAE-BA2C-31A6301F47FA}
	EndGlobalSection
EndGlobal
