
Microsoft Visual Studio Solution File, Format Version 12.00
# Visual Studio Version 17
VisualStudioVersion = 17.8.34309.116
MinimumVisualStudioVersion = 10.0.40219.1
Project("{9A19103F-16F7-4668-BE54-9A1E7A4F7556}") = "00AngularCourse", "00AngularCourse.csproj", "{69A62ABB-2E05-4014-B29A-DA98B062AABF}"
EndProject
Global
	GlobalSection(SolutionConfigurationPlatforms) = preSolution
		Debug|Any CPU = Debug|Any CPU
		Release|Any CPU = Release|Any CPU
	EndGlobalSection
	GlobalSection(ProjectConfigurationPlatforms) = postSolution
		{69A62ABB-2E05-4014-B29A-DA98B062AABF}.Debug|Any CPU.ActiveCfg = Debug|Any CPU
		{69A62ABB-2E05-4014-B29A-DA98B062AABF}.Debug|Any CPU.Build.0 = Debug|Any CPU
		{69A62ABB-2E05-4014-B29A-DA98B062AABF}.Release|Any CPU.ActiveCfg = Release|Any CPU
		{69A62ABB-2E05-4014-B29A-DA98B062AABF}.Release|Any CPU.Build.0 = Release|Any CPU
	EndGlobalSection
	GlobalSection(SolutionProperties) = preSolution
		HideSolutionNode = FALSE
	EndGlobalSection
	GlobalSection(ExtensibilityGlobals) = postSolution
		SolutionGuid = {8DB710DF-9938-47C4-9EAE-D84A42D864F8}
	EndGlobalSection
EndGlobal
