
Microsoft Visual Studio Solution File, Format Version 12.00
# Visual Studio Version 17
VisualStudioVersion = 17.7.34202.233
MinimumVisualStudioVersion = 10.0.40219.1
Project("{FAE04EC0-301F-11D3-BF4B-00C04F79EFBC}") = "DI2", "DI2.csproj", "{042C8AA0-2FC4-4B4F-BCD0-110D815FF6B8}"
EndProject
Project("{FAE04EC0-301F-11D3-BF4B-00C04F79EFBC}") = "DI2.Database", "..\DI2.Database\DI2.Database.csproj", "{5DB4495C-FAA7-4D02-9489-CD888AE8E317}"
EndProject
Global
	GlobalSection(SolutionConfigurationPlatforms) = preSolution
		Debug|Any CPU = Debug|Any CPU
		Release|Any CPU = Release|Any CPU
	EndGlobalSection
	GlobalSection(ProjectConfigurationPlatforms) = postSolution
		{042C8AA0-2FC4-4B4F-BCD0-110D815FF6B8}.Debug|Any CPU.ActiveCfg = Debug|Any CPU
		{042C8AA0-2FC4-4B4F-BCD0-110D815FF6B8}.Debug|Any CPU.Build.0 = Debug|Any CPU
		{042C8AA0-2FC4-4B4F-BCD0-110D815FF6B8}.Release|Any CPU.ActiveCfg = Release|Any CPU
		{042C8AA0-2FC4-4B4F-BCD0-110D815FF6B8}.Release|Any CPU.Build.0 = Release|Any CPU
		{5DB4495C-FAA7-4D02-9489-CD888AE8E317}.Debug|Any CPU.ActiveCfg = Debug|Any CPU
		{5DB4495C-FAA7-4D02-9489-CD888AE8E317}.Debug|Any CPU.Build.0 = Debug|Any CPU
		{5DB4495C-FAA7-4D02-9489-CD888AE8E317}.Release|Any CPU.ActiveCfg = Release|Any CPU
		{5DB4495C-FAA7-4D02-9489-CD888AE8E317}.Release|Any CPU.Build.0 = Release|Any CPU
	EndGlobalSection
	GlobalSection(SolutionProperties) = preSolution
		HideSolutionNode = FALSE
	EndGlobalSection
	GlobalSection(ExtensibilityGlobals) = postSolution
		SolutionGuid = {F3AC7A58-6241-4A04-B68A-06E7B8642BE7}
	EndGlobalSection
EndGlobal
