
Microsoft Visual Studio Solution File, Format Version 12.00
# Visual Studio Version 17
VisualStudioVersion = 17.8.34322.80
MinimumVisualStudioVersion = 10.0.40219.1
Project("{FAE04EC0-301F-11D3-BF4B-00C04F79EFBC}") = "AngularEnglishFlashCards.Server", "AngularEnglishFlashCards.Server\AngularEnglishFlashCards.Server.csproj", "{6FF34391-DCCF-4BE8-819F-5681076D6AE5}"
EndProject
Project("{54A90642-561A-4BB1-A94E-469ADEE60C69}") = "angularenglishflashcards.client", "angularenglishflashcards.client\angularenglishflashcards.client.esproj", "{804AA43A-3D78-44E3-9CE3-92ADDBD3C5C9}"
EndProject
Global
	GlobalSection(SolutionConfigurationPlatforms) = preSolution
		Debug|Any CPU = Debug|Any CPU
		Release|Any CPU = Release|Any CPU
	EndGlobalSection
	GlobalSection(ProjectConfigurationPlatforms) = postSolution
		{6FF34391-DCCF-4BE8-819F-5681076D6AE5}.Debug|Any CPU.ActiveCfg = Debug|Any CPU
		{6FF34391-DCCF-4BE8-819F-5681076D6AE5}.Debug|Any CPU.Build.0 = Debug|Any CPU
		{6FF34391-DCCF-4BE8-819F-5681076D6AE5}.Release|Any CPU.ActiveCfg = Release|Any CPU
		{6FF34391-DCCF-4BE8-819F-5681076D6AE5}.Release|Any CPU.Build.0 = Release|Any CPU
		{804AA43A-3D78-44E3-9CE3-92ADDBD3C5C9}.Debug|Any CPU.ActiveCfg = Debug|Any CPU
		{804AA43A-3D78-44E3-9CE3-92ADDBD3C5C9}.Debug|Any CPU.Build.0 = Debug|Any CPU
		{804AA43A-3D78-44E3-9CE3-92ADDBD3C5C9}.Debug|Any CPU.Deploy.0 = Debug|Any CPU
		{804AA43A-3D78-44E3-9CE3-92ADDBD3C5C9}.Release|Any CPU.ActiveCfg = Release|Any CPU
		{804AA43A-3D78-44E3-9CE3-92ADDBD3C5C9}.Release|Any CPU.Build.0 = Release|Any CPU
		{804AA43A-3D78-44E3-9CE3-92ADDBD3C5C9}.Release|Any CPU.Deploy.0 = Release|Any CPU
	EndGlobalSection
	GlobalSection(SolutionProperties) = preSolution
		HideSolutionNode = FALSE
	EndGlobalSection
	GlobalSection(ExtensibilityGlobals) = postSolution
		SolutionGuid = {FD21E162-0833-4296-9A99-8732E258794E}
	EndGlobalSection
EndGlobal
