
Microsoft Visual Studio Solution File, Format Version 12.00
# Visual Studio Version 17
VisualStudioVersion = 17.7.34202.233
MinimumVisualStudioVersion = 10.0.40219.1
Project("{9A19103F-16F7-4668-BE54-9A1E7A4F7556}") = "HangmanGameMVC", "HangmanGameMVC.csproj", "{BA299E27-A9F6-4DCE-A465-E52141553845}"
EndProject
Project("{FAE04EC0-301F-11D3-BF4B-00C04F79EFBC}") = "HangmanGameMVC.Database", "..\HangmanGameMVC.Database\HangmanGameMVC.Database.csproj", "{2325DE99-7141-46E4-A834-AC265A1F885D}"
EndProject
Global
	GlobalSection(SolutionConfigurationPlatforms) = preSolution
		Debug|Any CPU = Debug|Any CPU
		Release|Any CPU = Release|Any CPU
	EndGlobalSection
	GlobalSection(ProjectConfigurationPlatforms) = postSolution
		{BA299E27-A9F6-4DCE-A465-E52141553845}.Debug|Any CPU.ActiveCfg = Debug|Any CPU
		{BA299E27-A9F6-4DCE-A465-E52141553845}.Debug|Any CPU.Build.0 = Debug|Any CPU
		{BA299E27-A9F6-4DCE-A465-E52141553845}.Release|Any CPU.ActiveCfg = Release|Any CPU
		{BA299E27-A9F6-4DCE-A465-E52141553845}.Release|Any CPU.Build.0 = Release|Any CPU
		{2325DE99-7141-46E4-A834-AC265A1F885D}.Debug|Any CPU.ActiveCfg = Debug|Any CPU
		{2325DE99-7141-46E4-A834-AC265A1F885D}.Debug|Any CPU.Build.0 = Debug|Any CPU
		{2325DE99-7141-46E4-A834-AC265A1F885D}.Release|Any CPU.ActiveCfg = Release|Any CPU
		{2325DE99-7141-46E4-A834-AC265A1F885D}.Release|Any CPU.Build.0 = Release|Any CPU
	EndGlobalSection
	GlobalSection(SolutionProperties) = preSolution
		HideSolutionNode = FALSE
	EndGlobalSection
	GlobalSection(ExtensibilityGlobals) = postSolution
		SolutionGuid = {E8416458-E317-42D0-B32F-94EF9C3F5DEA}
	EndGlobalSection
EndGlobal
