
Microsoft Visual Studio Solution File, Format Version 12.00
# Visual Studio Version 17
VisualStudioVersion = 17.8.34322.80
MinimumVisualStudioVersion = 10.0.40219.1
Project("{FAE04EC0-301F-11D3-BF4B-00C04F79EFBC}") = "AngularApp2.Server", "AngularApp2.Server\AngularApp2.Server.csproj", "{BF872B72-FC47-4CED-AB42-709A1BE5630C}"
EndProject
Project("{54A90642-561A-4BB1-A94E-469ADEE60C69}") = "angularapp2.client", "angularapp2.client\angularapp2.client.esproj", "{385EF1C8-7681-4B18-8A30-65EE462ADB0C}"
EndProject
Global
	GlobalSection(SolutionConfigurationPlatforms) = preSolution
		Debug|Any CPU = Debug|Any CPU
		Release|Any CPU = Release|Any CPU
	EndGlobalSection
	GlobalSection(ProjectConfigurationPlatforms) = postSolution
		{BF872B72-FC47-4CED-AB42-709A1BE5630C}.Debug|Any CPU.ActiveCfg = Debug|Any CPU
		{BF872B72-FC47-4CED-AB42-709A1BE5630C}.Debug|Any CPU.Build.0 = Debug|Any CPU
		{BF872B72-FC47-4CED-AB42-709A1BE5630C}.Release|Any CPU.ActiveCfg = Release|Any CPU
		{BF872B72-FC47-4CED-AB42-709A1BE5630C}.Release|Any CPU.Build.0 = Release|Any CPU
		{385EF1C8-7681-4B18-8A30-65EE462ADB0C}.Debug|Any CPU.ActiveCfg = Debug|Any CPU
		{385EF1C8-7681-4B18-8A30-65EE462ADB0C}.Debug|Any CPU.Build.0 = Debug|Any CPU
		{385EF1C8-7681-4B18-8A30-65EE462ADB0C}.Debug|Any CPU.Deploy.0 = Debug|Any CPU
		{385EF1C8-7681-4B18-8A30-65EE462ADB0C}.Release|Any CPU.ActiveCfg = Release|Any CPU
		{385EF1C8-7681-4B18-8A30-65EE462ADB0C}.Release|Any CPU.Build.0 = Release|Any CPU
		{385EF1C8-7681-4B18-8A30-65EE462ADB0C}.Release|Any CPU.Deploy.0 = Release|Any CPU
	EndGlobalSection
	GlobalSection(SolutionProperties) = preSolution
		HideSolutionNode = FALSE
	EndGlobalSection
	GlobalSection(ExtensibilityGlobals) = postSolution
		SolutionGuid = {3A2532D2-1CF1-4CAA-8CAB-2DCCB69D5C97}
	EndGlobalSection
EndGlobal
