
Microsoft Visual Studio Solution File, Format Version 12.00
# Visual Studio Version 17
VisualStudioVersion = 17.7.34024.191
MinimumVisualStudioVersion = 10.0.40219.1
Project("{FAE04EC0-301F-11D3-BF4B-00C04F79EFBC}") = "AccessModifiers", "AccessModifiers.csproj", "{C3F739A7-8FEE-48D6-ABDB-0FFFDFD0DDEA}"
EndProject
Project("{FAE04EC0-301F-11D3-BF4B-00C04F79EFBC}") = "ConsoleApp1", "..\ConsoleApp1\ConsoleApp1.csproj", "{FE99B37C-E1AB-4057-8C64-9D6CB0496610}"
EndProject
Global
	GlobalSection(SolutionConfigurationPlatforms) = preSolution
		Debug|Any CPU = Debug|Any CPU
		Release|Any CPU = Release|Any CPU
	EndGlobalSection
	GlobalSection(ProjectConfigurationPlatforms) = postSolution
		{C3F739A7-8FEE-48D6-ABDB-0FFFDFD0DDEA}.Debug|Any CPU.ActiveCfg = Debug|Any CPU
		{C3F739A7-8FEE-48D6-ABDB-0FFFDFD0DDEA}.Debug|Any CPU.Build.0 = Debug|Any CPU
		{C3F739A7-8FEE-48D6-ABDB-0FFFDFD0DDEA}.Release|Any CPU.ActiveCfg = Release|Any CPU
		{C3F739A7-8FEE-48D6-ABDB-0FFFDFD0DDEA}.Release|Any CPU.Build.0 = Release|Any CPU
		{FE99B37C-E1AB-4057-8C64-9D6CB0496610}.Debug|Any CPU.ActiveCfg = Debug|Any CPU
		{FE99B37C-E1AB-4057-8C64-9D6CB0496610}.Debug|Any CPU.Build.0 = Debug|Any CPU
		{FE99B37C-E1AB-4057-8C64-9D6CB0496610}.Release|Any CPU.ActiveCfg = Release|Any CPU
		{FE99B37C-E1AB-4057-8C64-9D6CB0496610}.Release|Any CPU.Build.0 = Release|Any CPU
	EndGlobalSection
	GlobalSection(SolutionProperties) = preSolution
		HideSolutionNode = FALSE
	EndGlobalSection
	GlobalSection(ExtensibilityGlobals) = postSolution
		SolutionGuid = {AD18646A-6B56-4459-A1DC-D56EEFCF62DE}
	EndGlobalSection
EndGlobal
